
Microsoft Visual Studio Solution File, Format Version 12.00
# Visual Studio Express 14 for Web
VisualStudioVersion = 14.0.23107.0
MinimumVisualStudioVersion = 10.0.40219.1
Project("{FAE04EC0-301F-11D3-BF4B-00C04F79EFBC}") = "SchoolPortal.Tests", "SchoolPortal.Tests\SchoolPortal.Tests.csproj", "{3237B841-FCBE-4136-83BA-601D2C1C2263}"
EndProject
Project("{FAE04EC0-301F-11D3-BF4B-00C04F79EFBC}") = "SchoolPortal.Entities", "SchoolPortal.Entities\SchoolPortal.Entities.csproj", "{F2F5DF4A-9DB6-4640-82F5-DA1710A0783E}"
EndProject
Project("{2150E333-8FDC-42A3-9474-1A3956D46DE8}") = "Domain", "Domain", "{AC244FB6-1940-4540-BF31-8553D5668F24}"
EndProject
Project("{FAE04EC0-301F-11D3-BF4B-00C04F79EFBC}") = "SchoolPortal.Domain", "Domain\SchoolPortal.Domain\SchoolPortal.Domain.csproj", "{1D45A89A-C098-4794-BF71-C7B448243C43}"
EndProject
Project("{2150E333-8FDC-42A3-9474-1A3956D46DE8}") = "Infrastructure", "Infrastructure", "{1E919100-F67C-4AFC-B358-6DC07F5DDDFB}"
EndProject
Project("{FAE04EC0-301F-11D3-BF4B-00C04F79EFBC}") = "SchoolPortal.Infrastructure", "Infrastructure\SchoolPortal.Infrastructure\SchoolPortal.Infrastructure.csproj", "{92C7A491-71C0-4670-B215-FB620E620202}"
EndProject
Project("{FAE04EC0-301F-11D3-BF4B-00C04F79EFBC}") = "SchoolPortal.Domain.Model", "SchoolPortal.Domain.Models\SchoolPortal.Domain.Model.csproj", "{956E46EF-AB39-4B5C-A6BE-E77DEDAD35F0}"
EndProject
Project("{FAE04EC0-301F-11D3-BF4B-00C04F79EFBC}") = "SchoolPortal", "SchoolPortal\SchoolPortal.csproj", "{E7754E9F-053A-44CA-95ED-EE61762B44EF}"
EndProject
Global
	GlobalSection(SolutionConfigurationPlatforms) = preSolution
		Debug|Any CPU = Debug|Any CPU
		Release|Any CPU = Release|Any CPU
	EndGlobalSection
	GlobalSection(ProjectConfigurationPlatforms) = postSolution
		{3237B841-FCBE-4136-83BA-601D2C1C2263}.Debug|Any CPU.ActiveCfg = Debug|Any CPU
		{3237B841-FCBE-4136-83BA-601D2C1C2263}.Debug|Any CPU.Build.0 = Debug|Any CPU
		{3237B841-FCBE-4136-83BA-601D2C1C2263}.Release|Any CPU.ActiveCfg = Release|Any CPU
		{3237B841-FCBE-4136-83BA-601D2C1C2263}.Release|Any CPU.Build.0 = Release|Any CPU
		{F2F5DF4A-9DB6-4640-82F5-DA1710A0783E}.Debug|Any CPU.ActiveCfg = Debug|Any CPU
		{F2F5DF4A-9DB6-4640-82F5-DA1710A0783E}.Debug|Any CPU.Build.0 = Debug|Any CPU
		{F2F5DF4A-9DB6-4640-82F5-DA1710A0783E}.Release|Any CPU.ActiveCfg = Release|Any CPU
		{F2F5DF4A-9DB6-4640-82F5-DA1710A0783E}.Release|Any CPU.Build.0 = Release|Any CPU
		{1D45A89A-C098-4794-BF71-C7B448243C43}.Debug|Any CPU.ActiveCfg = Debug|Any CPU
		{1D45A89A-C098-4794-BF71-C7B448243C43}.Debug|Any CPU.Build.0 = Debug|Any CPU
		{1D45A89A-C098-4794-BF71-C7B448243C43}.Release|Any CPU.ActiveCfg = Release|Any CPU
		{1D45A89A-C098-4794-BF71-C7B448243C43}.Release|Any CPU.Build.0 = Release|Any CPU
		{92C7A491-71C0-4670-B215-FB620E620202}.Debug|Any CPU.ActiveCfg = Debug|Any CPU
		{92C7A491-71C0-4670-B215-FB620E620202}.Debug|Any CPU.Build.0 = Debug|Any CPU
		{92C7A491-71C0-4670-B215-FB620E620202}.Release|Any CPU.ActiveCfg = Release|Any CPU
		{92C7A491-71C0-4670-B215-FB620E620202}.Release|Any CPU.Build.0 = Release|Any CPU
		{956E46EF-AB39-4B5C-A6BE-E77DEDAD35F0}.Debug|Any CPU.ActiveCfg = Debug|Any CPU
		{956E46EF-AB39-4B5C-A6BE-E77DEDAD35F0}.Debug|Any CPU.Build.0 = Debug|Any CPU
		{956E46EF-AB39-4B5C-A6BE-E77DEDAD35F0}.Release|Any CPU.ActiveCfg = Release|Any CPU
		{956E46EF-AB39-4B5C-A6BE-E77DEDAD35F0}.Release|Any CPU.Build.0 = Release|Any CPU
		{E7754E9F-053A-44CA-95ED-EE61762B44EF}.Debug|Any CPU.ActiveCfg = Debug|Any CPU
		{E7754E9F-053A-44CA-95ED-EE61762B44EF}.Debug|Any CPU.Build.0 = Debug|Any CPU
		{E7754E9F-053A-44CA-95ED-EE61762B44EF}.Release|Any CPU.ActiveCfg = Release|Any CPU
		{E7754E9F-053A-44CA-95ED-EE61762B44EF}.Release|Any CPU.Build.0 = Release|Any CPU
	EndGlobalSection
	GlobalSection(SolutionProperties) = preSolution
		HideSolutionNode = FALSE
	EndGlobalSection
	GlobalSection(NestedProjects) = preSolution
		{1D45A89A-C098-4794-BF71-C7B448243C43} = {AC244FB6-1940-4540-BF31-8553D5668F24}
		{92C7A491-71C0-4670-B215-FB620E620202} = {1E919100-F67C-4AFC-B358-6DC07F5DDDFB}
		{956E46EF-AB39-4B5C-A6BE-E77DEDAD35F0} = {AC244FB6-1940-4540-BF31-8553D5668F24}
	EndGlobalSection
EndGlobal
